
Microsoft Visual Studio Solution File, Format Version 12.00
# Visual Studio Version 16
VisualStudioVersion = 16.0.32106.194
MinimumVisualStudioVersion = 10.0.40219.1
Project("{FAE04EC0-301F-11D3-BF4B-00C04F79EFBC}") = "family_budget", "family_budget.csproj", "{4DCC0957-B1AA-443D-9192-C47691224AA5}"
EndProject
Global
	GlobalSection(SolutionConfigurationPlatforms) = preSolution
		Debug|Any CPU = Debug|Any CPU
		Release|Any CPU = Release|Any CPU
	EndGlobalSection
	GlobalSection(ProjectConfigurationPlatforms) = postSolution
		{4DCC0957-B1AA-443D-9192-C47691224AA5}.Debug|Any CPU.ActiveCfg = Debug|Any CPU
		{4DCC0957-B1AA-443D-9192-C47691224AA5}.Debug|Any CPU.Build.0 = Debug|Any CPU
		{4DCC0957-B1AA-443D-9192-C47691224AA5}.Release|Any CPU.ActiveCfg = Release|Any CPU
		{4DCC0957-B1AA-443D-9192-C47691224AA5}.Release|Any CPU.Build.0 = Release|Any CPU
	EndGlobalSection
	GlobalSection(SolutionProperties) = preSolution
		HideSolutionNode = FALSE
	EndGlobalSection
	GlobalSection(ExtensibilityGlobals) = postSolution
		SolutionGuid = {88CC954C-3D1B-44B1-950F-6A4EDD8930AD}
	EndGlobalSection
EndGlobal
